// !$*UTF8*$!
{
	archiveVersion = 1;
	classes = {
	};
	objectVersion = 46;
	objects = {

/* Begin PBXBuildFile section */
		5F243CAD3BC29399ABE2CFF2 /* libPods-Polls4Change.a in Frameworks */ = {isa = PBXBuildFile; fileRef = BC9478055ADACFAE4EB8D9D3 /* libPods-Polls4Change.a */; };
		A9CC8C2619D7974700760EEC /* PollExpandableCellTableViewCell.m in Sources */ = {isa = PBXBuildFile; fileRef = A9CC8C2519D7974700760EEC /* PollExpandableCellTableViewCell.m */; };
		E0451F3719D7906E00A832D7 /* ILSession.m in Sources */ = {isa = PBXBuildFile; fileRef = E0451F3619D7906E00A832D7 /* ILSession.m */; };
		E050398919D76192005C7195 /* P4CLoginViewController.m in Sources */ = {isa = PBXBuildFile; fileRef = E050398819D76192005C7195 /* P4CLoginViewController.m */; };
		E050398D19D76833005C7195 /* User.m in Sources */ = {isa = PBXBuildFile; fileRef = E050398C19D76833005C7195 /* User.m */; };
		E050399119D768B8005C7195 /* MappingManager.m in Sources */ = {isa = PBXBuildFile; fileRef = E050399019D768B8005C7195 /* MappingManager.m */; };
		E050399419D7695E005C7195 /* ApiClient.m in Sources */ = {isa = PBXBuildFile; fileRef = E050399319D7695E005C7195 /* ApiClient.m */; };
		E050399719D76A8F005C7195 /* UserMapping.m in Sources */ = {isa = PBXBuildFile; fileRef = E050399619D76A8F005C7195 /* UserMapping.m */; };
		E050399D19D77C21005C7195 /* RootViewController.m in Sources */ = {isa = PBXBuildFile; fileRef = E050399C19D77C21005C7195 /* RootViewController.m */; };
		E05039A019D780E5005C7195 /* Main.storyboard in Resources */ = {isa = PBXBuildFile; fileRef = E050399E19D780E5005C7195 /* Main.storyboard */; };
		E05039A319D781E8005C7195 /* MenuTableViewController.m in Sources */ = {isa = PBXBuildFile; fileRef = E05039A219D781E8005C7195 /* MenuTableViewController.m */; };
		E05039A619D7820C005C7195 /* FeedViewController.m in Sources */ = {isa = PBXBuildFile; fileRef = E05039A519D7820C005C7195 /* FeedViewController.m */; };
		E088750719D7550F0044109A /* main.m in Sources */ = {isa = PBXBuildFile; fileRef = E088750619D7550F0044109A /* main.m */; };
		E088750A19D7550F0044109A /* AppDelegate.m in Sources */ = {isa = PBXBuildFile; fileRef = E088750919D7550F0044109A /* AppDelegate.m */; };
		E088750D19D7550F0044109A /* ViewController.m in Sources */ = {isa = PBXBuildFile; fileRef = E088750C19D7550F0044109A /* ViewController.m */; };
		E088751219D7550F0044109A /* Images.xcassets in Resources */ = {isa = PBXBuildFile; fileRef = E088751119D7550F0044109A /* Images.xcassets */; };
		E088751519D7550F0044109A /* LaunchScreen.xib in Resources */ = {isa = PBXBuildFile; fileRef = E088751319D7550F0044109A /* LaunchScreen.xib */; };
		E088752119D7550F0044109A /* Polls4ChangeTests.m in Sources */ = {isa = PBXBuildFile; fileRef = E088752019D7550F0044109A /* Polls4ChangeTests.m */; };
/* End PBXBuildFile section */

/* Begin PBXContainerItemProxy section */
		E088751B19D7550F0044109A /* PBXContainerItemProxy */ = {
			isa = PBXContainerItemProxy;
			containerPortal = E08874F919D7550E0044109A /* Project object */;
			proxyType = 1;
			remoteGlobalIDString = E088750019D7550F0044109A;
			remoteInfo = Polls4Change;
		};
/* End PBXContainerItemProxy section */

/* Begin PBXFileReference section */
		8BF932C36D37260E1A1AD9F9 /* Pods-Polls4Change.release.xcconfig */ = {isa = PBXFileReference; includeInIndex = 1; lastKnownFileType = text.xcconfig; name = "Pods-Polls4Change.release.xcconfig"; path = "Pods/Target Support Files/Pods-Polls4Change/Pods-Polls4Change.release.xcconfig"; sourceTree = "<group>"; };
		A0268A0663F20E70495F6A29 /* Pods-Polls4Change.debug.xcconfig */ = {isa = PBXFileReference; includeInIndex = 1; lastKnownFileType = text.xcconfig; name = "Pods-Polls4Change.debug.xcconfig"; path = "Pods/Target Support Files/Pods-Polls4Change/Pods-Polls4Change.debug.xcconfig"; sourceTree = "<group>"; };
		A9CC8C2419D7974700760EEC /* PollExpandableCellTableViewCell.h */ = {isa = PBXFileReference; fileEncoding = 4; lastKnownFileType = sourcecode.c.h; path = PollExpandableCellTableViewCell.h; sourceTree = "<group>"; };
		A9CC8C2519D7974700760EEC /* PollExpandableCellTableViewCell.m */ = {isa = PBXFileReference; fileEncoding = 4; lastKnownFileType = sourcecode.c.objc; path = PollExpandableCellTableViewCell.m; sourceTree = "<group>"; };
		BC9478055ADACFAE4EB8D9D3 /* libPods-Polls4Change.a */ = {isa = PBXFileReference; explicitFileType = archive.ar; includeInIndex = 0; path = "libPods-Polls4Change.a"; sourceTree = BUILT_PRODUCTS_DIR; };
		E0451F3519D7906E00A832D7 /* ILSession.h */ = {isa = PBXFileReference; fileEncoding = 4; lastKnownFileType = sourcecode.c.h; path = ILSession.h; sourceTree = "<group>"; };
		E0451F3619D7906E00A832D7 /* ILSession.m */ = {isa = PBXFileReference; fileEncoding = 4; lastKnownFileType = sourcecode.c.objc; path = ILSession.m; sourceTree = "<group>"; };
		E050398719D76192005C7195 /* P4CLoginViewController.h */ = {isa = PBXFileReference; fileEncoding = 4; lastKnownFileType = sourcecode.c.h; path = P4CLoginViewController.h; sourceTree = "<group>"; };
		E050398819D76192005C7195 /* P4CLoginViewController.m */ = {isa = PBXFileReference; fileEncoding = 4; lastKnownFileType = sourcecode.c.objc; path = P4CLoginViewController.m; sourceTree = "<group>"; };
		E050398B19D76833005C7195 /* User.h */ = {isa = PBXFileReference; fileEncoding = 4; lastKnownFileType = sourcecode.c.h; path = User.h; sourceTree = "<group>"; };
		E050398C19D76833005C7195 /* User.m */ = {isa = PBXFileReference; fileEncoding = 4; lastKnownFileType = sourcecode.c.objc; path = User.m; sourceTree = "<group>"; };
		E050398F19D768B8005C7195 /* MappingManager.h */ = {isa = PBXFileReference; fileEncoding = 4; lastKnownFileType = sourcecode.c.h; path = MappingManager.h; sourceTree = "<group>"; };
		E050399019D768B8005C7195 /* MappingManager.m */ = {isa = PBXFileReference; fileEncoding = 4; lastKnownFileType = sourcecode.c.objc; path = MappingManager.m; sourceTree = "<group>"; };
		E050399219D7695E005C7195 /* ApiClient.h */ = {isa = PBXFileReference; fileEncoding = 4; lastKnownFileType = sourcecode.c.h; path = ApiClient.h; sourceTree = "<group>"; };
		E050399319D7695E005C7195 /* ApiClient.m */ = {isa = PBXFileReference; fileEncoding = 4; lastKnownFileType = sourcecode.c.objc; path = ApiClient.m; sourceTree = "<group>"; };
		E050399519D76A8F005C7195 /* UserMapping.h */ = {isa = PBXFileReference; fileEncoding = 4; lastKnownFileType = sourcecode.c.h; path = UserMapping.h; sourceTree = "<group>"; };
		E050399619D76A8F005C7195 /* UserMapping.m */ = {isa = PBXFileReference; fileEncoding = 4; lastKnownFileType = sourcecode.c.objc; path = UserMapping.m; sourceTree = "<group>"; };
		E050399B19D77C21005C7195 /* RootViewController.h */ = {isa = PBXFileReference; fileEncoding = 4; lastKnownFileType = sourcecode.c.h; path = RootViewController.h; sourceTree = "<group>"; };
		E050399C19D77C21005C7195 /* RootViewController.m */ = {isa = PBXFileReference; fileEncoding = 4; lastKnownFileType = sourcecode.c.objc; path = RootViewController.m; sourceTree = "<group>"; };
		E050399F19D780E5005C7195 /* Base */ = {isa = PBXFileReference; lastKnownFileType = file.storyboard; name = Base; path = Base.lproj/Main.storyboard; sourceTree = "<group>"; };
		E05039A119D781E8005C7195 /* MenuTableViewController.h */ = {isa = PBXFileReference; fileEncoding = 4; lastKnownFileType = sourcecode.c.h; path = MenuTableViewController.h; sourceTree = "<group>"; };
		E05039A219D781E8005C7195 /* MenuTableViewController.m */ = {isa = PBXFileReference; fileEncoding = 4; lastKnownFileType = sourcecode.c.objc; path = MenuTableViewController.m; sourceTree = "<group>"; };
		E05039A419D7820C005C7195 /* FeedViewController.h */ = {isa = PBXFileReference; fileEncoding = 4; lastKnownFileType = sourcecode.c.h; path = FeedViewController.h; sourceTree = "<group>"; };
		E05039A519D7820C005C7195 /* FeedViewController.m */ = {isa = PBXFileReference; fileEncoding = 4; lastKnownFileType = sourcecode.c.objc; path = FeedViewController.m; sourceTree = "<group>"; };
		E088750119D7550F0044109A /* Polls4Change.app */ = {isa = PBXFileReference; explicitFileType = wrapper.application; includeInIndex = 0; path = Polls4Change.app; sourceTree = BUILT_PRODUCTS_DIR; };
		E088750519D7550F0044109A /* Info.plist */ = {isa = PBXFileReference; lastKnownFileType = text.plist.xml; name = Info.plist; path = "Supporting Files/Info.plist"; sourceTree = "<group>"; };
		E088750619D7550F0044109A /* main.m */ = {isa = PBXFileReference; lastKnownFileType = sourcecode.c.objc; path = main.m; sourceTree = "<group>"; };
		E088750819D7550F0044109A /* AppDelegate.h */ = {isa = PBXFileReference; lastKnownFileType = sourcecode.c.h; path = AppDelegate.h; sourceTree = "<group>"; };
		E088750919D7550F0044109A /* AppDelegate.m */ = {isa = PBXFileReference; lastKnownFileType = sourcecode.c.objc; path = AppDelegate.m; sourceTree = "<group>"; };
		E088750B19D7550F0044109A /* ViewController.h */ = {isa = PBXFileReference; lastKnownFileType = sourcecode.c.h; path = ViewController.h; sourceTree = "<group>"; };
		E088750C19D7550F0044109A /* ViewController.m */ = {isa = PBXFileReference; lastKnownFileType = sourcecode.c.objc; path = ViewController.m; sourceTree = "<group>"; };
		E088751119D7550F0044109A /* Images.xcassets */ = {isa = PBXFileReference; lastKnownFileType = folder.assetcatalog; path = Images.xcassets; sourceTree = "<group>"; };
		E088751419D7550F0044109A /* Base */ = {isa = PBXFileReference; lastKnownFileType = file.xib; name = Base; path = Base.lproj/LaunchScreen.xib; sourceTree = "<group>"; };
		E088751A19D7550F0044109A /* Polls4ChangeTests.xctest */ = {isa = PBXFileReference; explicitFileType = wrapper.cfbundle; includeInIndex = 0; path = Polls4ChangeTests.xctest; sourceTree = BUILT_PRODUCTS_DIR; };
		E088751F19D7550F0044109A /* Info.plist */ = {isa = PBXFileReference; lastKnownFileType = text.plist.xml; path = Info.plist; sourceTree = "<group>"; };
		E088752019D7550F0044109A /* Polls4ChangeTests.m */ = {isa = PBXFileReference; lastKnownFileType = sourcecode.c.objc; path = Polls4ChangeTests.m; sourceTree = "<group>"; };
/* End PBXFileReference section */

/* Begin PBXFrameworksBuildPhase section */
		E08874FE19D7550F0044109A /* Frameworks */ = {
			isa = PBXFrameworksBuildPhase;
			buildActionMask = 2147483647;
			files = (
				5F243CAD3BC29399ABE2CFF2 /* libPods-Polls4Change.a in Frameworks */,
			);
			runOnlyForDeploymentPostprocessing = 0;
		};
		E088751719D7550F0044109A /* Frameworks */ = {
			isa = PBXFrameworksBuildPhase;
			buildActionMask = 2147483647;
			files = (
			);
			runOnlyForDeploymentPostprocessing = 0;
		};
/* End PBXFrameworksBuildPhase section */

/* Begin PBXGroup section */
		1BD44FAAFDC50B350B5ECB68 /* Pods */ = {
			isa = PBXGroup;
			children = (
				A0268A0663F20E70495F6A29 /* Pods-Polls4Change.debug.xcconfig */,
				8BF932C36D37260E1A1AD9F9 /* Pods-Polls4Change.release.xcconfig */,
			);
			name = Pods;
			sourceTree = "<group>";
		};
		658EC8FFE33208432072E232 /* Frameworks */ = {
			isa = PBXGroup;
			children = (
				BC9478055ADACFAE4EB8D9D3 /* libPods-Polls4Change.a */,
			);
			name = Frameworks;
			sourceTree = "<group>";
		};
		A9CC8C2319D796EC00760EEC /* Views */ = {
			isa = PBXGroup;
			children = (
				A9CC8C2419D7974700760EEC /* PollExpandableCellTableViewCell.h */,
				A9CC8C2519D7974700760EEC /* PollExpandableCellTableViewCell.m */,
			);
			path = Views;
			sourceTree = "<group>";
		};
		E050398619D7612F005C7195 /* ViewControllers */ = {
			isa = PBXGroup;
			children = (
				E050398719D76192005C7195 /* P4CLoginViewController.h */,
				E050398819D76192005C7195 /* P4CLoginViewController.m */,
				E050399B19D77C21005C7195 /* RootViewController.h */,
				E050399C19D77C21005C7195 /* RootViewController.m */,
				E05039A119D781E8005C7195 /* MenuTableViewController.h */,
				E05039A219D781E8005C7195 /* MenuTableViewController.m */,
				E05039A419D7820C005C7195 /* FeedViewController.h */,
				E05039A519D7820C005C7195 /* FeedViewController.m */,
			);
			path = ViewControllers;
			sourceTree = "<group>";
		};
		E050398A19D767D1005C7195 /* Models */ = {
			isa = PBXGroup;
			children = (
				E050398B19D76833005C7195 /* User.h */,
				E050398C19D76833005C7195 /* User.m */,
			);
			path = Models;
			sourceTree = "<group>";
		};
		E050398E19D7685F005C7195 /* Mappings */ = {
			isa = PBXGroup;
			children = (
				E050398F19D768B8005C7195 /* MappingManager.h */,
				E050399019D768B8005C7195 /* MappingManager.m */,
				E050399519D76A8F005C7195 /* UserMapping.h */,
				E050399619D76A8F005C7195 /* UserMapping.m */,
			);
			path = Mappings;
			sourceTree = "<group>";
		};
		E08874F819D7550E0044109A = {
			isa = PBXGroup;
			children = (
				E088750319D7550F0044109A /* Polls4Change */,
				E088751D19D7550F0044109A /* Polls4ChangeTests */,
				E088750219D7550F0044109A /* Products */,
				1BD44FAAFDC50B350B5ECB68 /* Pods */,
				658EC8FFE33208432072E232 /* Frameworks */,
			);
			sourceTree = "<group>";
		};
		E088750219D7550F0044109A /* Products */ = {
			isa = PBXGroup;
			children = (
				E088750119D7550F0044109A /* Polls4Change.app */,
				E088751A19D7550F0044109A /* Polls4ChangeTests.xctest */,
			);
			name = Products;
			sourceTree = "<group>";
		};
		E088750319D7550F0044109A /* Polls4Change */ = {
			isa = PBXGroup;
			children = (
				A9CC8C2319D796EC00760EEC /* Views */,
				E050398E19D7685F005C7195 /* Mappings */,
				E050398A19D767D1005C7195 /* Models */,
				E050398619D7612F005C7195 /* ViewControllers */,
				E088750B19D7550F0044109A /* ViewController.h */,
				E088750C19D7550F0044109A /* ViewController.m */,
				E088751119D7550F0044109A /* Images.xcassets */,
				E050399E19D780E5005C7195 /* Main.storyboard */,
				E088751319D7550F0044109A /* LaunchScreen.xib */,
				E088750519D7550F0044109A /* Info.plist */,
				E088750419D7550F0044109A /* Supporting Files */,
			);
			path = Polls4Change;
			sourceTree = "<group>";
		};
		E088750419D7550F0044109A /* Supporting Files */ = {
			isa = PBXGroup;
			children = (
				E0451F3519D7906E00A832D7 /* ILSession.h */,
				E0451F3619D7906E00A832D7 /* ILSession.m */,
				E088750819D7550F0044109A /* AppDelegate.h */,
				E088750919D7550F0044109A /* AppDelegate.m */,
				E088750619D7550F0044109A /* main.m */,
				E050399219D7695E005C7195 /* ApiClient.h */,
				E050399319D7695E005C7195 /* ApiClient.m */,
			);
			path = "Supporting Files";
			sourceTree = "<group>";
		};
		E088751D19D7550F0044109A /* Polls4ChangeTests */ = {
			isa = PBXGroup;
			children = (
				E088752019D7550F0044109A /* Polls4ChangeTests.m */,
				E088751E19D7550F0044109A /* Supporting Files */,
			);
			path = Polls4ChangeTests;
			sourceTree = "<group>";
		};
		E088751E19D7550F0044109A /* Supporting Files */ = {
			isa = PBXGroup;
			children = (
				E088751F19D7550F0044109A /* Info.plist */,
			);
			name = "Supporting Files";
			sourceTree = "<group>";
		};
/* End PBXGroup section */

/* Begin PBXNativeTarget section */
		E088750019D7550F0044109A /* Polls4Change */ = {
			isa = PBXNativeTarget;
			buildConfigurationList = E088752419D7550F0044109A /* Build configuration list for PBXNativeTarget "Polls4Change" */;
			buildPhases = (
				22C57826D6BD9C05D1724AE3 /* Check Pods Manifest.lock */,
				E08874FD19D7550F0044109A /* Sources */,
				E08874FE19D7550F0044109A /* Frameworks */,
				E08874FF19D7550F0044109A /* Resources */,
				4FF995415777D6FC9F4BAD84 /* Copy Pods Resources */,
			);
			buildRules = (
			);
			dependencies = (
			);
			name = Polls4Change;
			productName = Polls4Change;
			productReference = E088750119D7550F0044109A /* Polls4Change.app */;
			productType = "com.apple.product-type.application";
		};
		E088751919D7550F0044109A /* Polls4ChangeTests */ = {
			isa = PBXNativeTarget;
			buildConfigurationList = E088752719D7550F0044109A /* Build configuration list for PBXNativeTarget "Polls4ChangeTests" */;
			buildPhases = (
				E088751619D7550F0044109A /* Sources */,
				E088751719D7550F0044109A /* Frameworks */,
				E088751819D7550F0044109A /* Resources */,
			);
			buildRules = (
			);
			dependencies = (
				E088751C19D7550F0044109A /* PBXTargetDependency */,
			);
			name = Polls4ChangeTests;
			productName = Polls4ChangeTests;
			productReference = E088751A19D7550F0044109A /* Polls4ChangeTests.xctest */;
			productType = "com.apple.product-type.bundle.unit-test";
		};
/* End PBXNativeTarget section */

/* Begin PBXProject section */
		E08874F919D7550E0044109A /* Project object */ = {
			isa = PBXProject;
			attributes = {
				LastUpgradeCheck = 0600;
				ORGANIZATIONNAME = P4C;
				TargetAttributes = {
					E088750019D7550F0044109A = {
						CreatedOnToolsVersion = 6.0.1;
					};
					E088751919D7550F0044109A = {
						CreatedOnToolsVersion = 6.0.1;
						TestTargetID = E088750019D7550F0044109A;
					};
				};
			};
			buildConfigurationList = E08874FC19D7550E0044109A /* Build configuration list for PBXProject "Polls4Change" */;
			compatibilityVersion = "Xcode 3.2";
			developmentRegion = English;
			hasScannedForEncodings = 0;
			knownRegions = (
				en,
				Base,
			);
			mainGroup = E08874F819D7550E0044109A;
			productRefGroup = E088750219D7550F0044109A /* Products */;
			projectDirPath = "";
			projectRoot = "";
			targets = (
				E088750019D7550F0044109A /* Polls4Change */,
				E088751919D7550F0044109A /* Polls4ChangeTests */,
			);
		};
/* End PBXProject section */

/* Begin PBXResourcesBuildPhase section */
		E08874FF19D7550F0044109A /* Resources */ = {
			isa = PBXResourcesBuildPhase;
			buildActionMask = 2147483647;
			files = (
				E05039A019D780E5005C7195 /* Main.storyboard in Resources */,
				E088751519D7550F0044109A /* LaunchScreen.xib in Resources */,
				E088751219D7550F0044109A /* Images.xcassets in Resources */,
			);
			runOnlyForDeploymentPostprocessing = 0;
		};
		E088751819D7550F0044109A /* Resources */ = {
			isa = PBXResourcesBuildPhase;
			buildActionMask = 2147483647;
			files = (
			);
			runOnlyForDeploymentPostprocessing = 0;
		};
/* End PBXResourcesBuildPhase section */

/* Begin PBXShellScriptBuildPhase section */
		22C57826D6BD9C05D1724AE3 /* Check Pods Manifest.lock */ = {
			isa = PBXShellScriptBuildPhase;
			buildActionMask = 2147483647;
			files = (
			);
			inputPaths = (
			);
			name = "Check Pods Manifest.lock";
			outputPaths = (
			);
			runOnlyForDeploymentPostprocessing = 0;
			shellPath = /bin/sh;
			shellScript = "diff \"${PODS_ROOT}/../Podfile.lock\" \"${PODS_ROOT}/Manifest.lock\" > /dev/null\nif [[ $? != 0 ]] ; then\n    cat << EOM\nerror: The sandbox is not in sync with the Podfile.lock. Run 'pod install' or update your CocoaPods installation.\nEOM\n    exit 1\nfi\n";
			showEnvVarsInLog = 0;
		};
		4FF995415777D6FC9F4BAD84 /* Copy Pods Resources */ = {
			isa = PBXShellScriptBuildPhase;
			buildActionMask = 2147483647;
			files = (
			);
			inputPaths = (
			);
			name = "Copy Pods Resources";
			outputPaths = (
			);
			runOnlyForDeploymentPostprocessing = 0;
			shellPath = /bin/sh;
			shellScript = "\"${SRCROOT}/Pods/Target Support Files/Pods-Polls4Change/Pods-Polls4Change-resources.sh\"\n";
			showEnvVarsInLog = 0;
		};
/* End PBXShellScriptBuildPhase section */

/* Begin PBXSourcesBuildPhase section */
		E08874FD19D7550F0044109A /* Sources */ = {
			isa = PBXSourcesBuildPhase;
			buildActionMask = 2147483647;
			files = (
				E050398D19D76833005C7195 /* User.m in Sources */,
				E088750D19D7550F0044109A /* ViewController.m in Sources */,
				E050399119D768B8005C7195 /* MappingManager.m in Sources */,
				E050399719D76A8F005C7195 /* UserMapping.m in Sources */,
				E05039A319D781E8005C7195 /* MenuTableViewController.m in Sources */,
				E088750A19D7550F0044109A /* AppDelegate.m in Sources */,
				E050399D19D77C21005C7195 /* RootViewController.m in Sources */,
				E05039A619D7820C005C7195 /* FeedViewController.m in Sources */,
				E050398919D76192005C7195 /* P4CLoginViewController.m in Sources */,
				E088750719D7550F0044109A /* main.m in Sources */,
				A9CC8C2619D7974700760EEC /* PollExpandableCellTableViewCell.m in Sources */,
				E050399419D7695E005C7195 /* ApiClient.m in Sources */,
				E0451F3719D7906E00A832D7 /* ILSession.m in Sources */,
			);
			runOnlyForDeploymentPostprocessing = 0;
		};
		E088751619D7550F0044109A /* Sources */ = {
			isa = PBXSourcesBuildPhase;
			buildActionMask = 2147483647;
			files = (
				E088752119D7550F0044109A /* Polls4ChangeTests.m in Sources */,
			);
			runOnlyForDeploymentPostprocessing = 0;
		};
/* End PBXSourcesBuildPhase section */

/* Begin PBXTargetDependency section */
		E088751C19D7550F0044109A /* PBXTargetDependency */ = {
			isa = PBXTargetDependency;
			target = E088750019D7550F0044109A /* Polls4Change */;
			targetProxy = E088751B19D7550F0044109A /* PBXContainerItemProxy */;
		};
/* End PBXTargetDependency section */

/* Begin PBXVariantGroup section */
		E050399E19D780E5005C7195 /* Main.storyboard */ = {
			isa = PBXVariantGroup;
			children = (
				E050399F19D780E5005C7195 /* Base */,
			);
			name = Main.storyboard;
			sourceTree = "<group>";
		};
		E088751319D7550F0044109A /* LaunchScreen.xib */ = {
			isa = PBXVariantGroup;
			children = (
				E088751419D7550F0044109A /* Base */,
			);
			name = LaunchScreen.xib;
			sourceTree = "<group>";
		};
/* End PBXVariantGroup section */

/* Begin XCBuildConfiguration section */
		E088752219D7550F0044109A /* Debug */ = {
			isa = XCBuildConfiguration;
			buildSettings = {
				ALWAYS_SEARCH_USER_PATHS = NO;
				CLANG_CXX_LANGUAGE_STANDARD = "gnu++0x";
				CLANG_CXX_LIBRARY = "libc++";
				CLANG_ENABLE_MODULES = YES;
				CLANG_ENABLE_OBJC_ARC = YES;
				CLANG_WARN_BOOL_CONVERSION = YES;
				CLANG_WARN_CONSTANT_CONVERSION = YES;
				CLANG_WARN_DIRECT_OBJC_ISA_USAGE = YES_ERROR;
				CLANG_WARN_EMPTY_BODY = YES;
				CLANG_WARN_ENUM_CONVERSION = YES;
				CLANG_WARN_INT_CONVERSION = YES;
				CLANG_WARN_OBJC_ROOT_CLASS = YES_ERROR;
				CLANG_WARN_UNREACHABLE_CODE = YES;
				CLANG_WARN__DUPLICATE_METHOD_MATCH = YES;
				"CODE_SIGN_IDENTITY[sdk=iphoneos*]" = "iPhone Developer";
				COPY_PHASE_STRIP = NO;
				ENABLE_STRICT_OBJC_MSGSEND = YES;
				GCC_C_LANGUAGE_STANDARD = gnu99;
				GCC_DYNAMIC_NO_PIC = NO;
				GCC_OPTIMIZATION_LEVEL = 0;
				GCC_PREPROCESSOR_DEFINITIONS = (
					"DEBUG=1",
					"$(inherited)",
				);
				GCC_SYMBOLS_PRIVATE_EXTERN = NO;
				GCC_WARN_64_TO_32_BIT_CONVERSION = YES;
				GCC_WARN_ABOUT_RETURN_TYPE = YES_ERROR;
				GCC_WARN_UNDECLARED_SELECTOR = YES;
				GCC_WARN_UNINITIALIZED_AUTOS = YES_AGGRESSIVE;
				GCC_WARN_UNUSED_FUNCTION = YES;
				GCC_WARN_UNUSED_VARIABLE = YES;
				IPHONEOS_DEPLOYMENT_TARGET = 8.0;
				MTL_ENABLE_DEBUG_INFO = YES;
				ONLY_ACTIVE_ARCH = YES;
				SDKROOT = iphoneos;
			};
			name = Debug;
		};
		E088752319D7550F0044109A /* Release */ = {
			isa = XCBuildConfiguration;
			buildSettings = {
				ALWAYS_SEARCH_USER_PATHS = NO;
				CLANG_CXX_LANGUAGE_STANDARD = "gnu++0x";
				CLANG_CXX_LIBRARY = "libc++";
				CLANG_ENABLE_MODULES = YES;
				CLANG_ENABLE_OBJC_ARC = YES;
				CLANG_WARN_BOOL_CONVERSION = YES;
				CLANG_WARN_CONSTANT_CONVERSION = YES;
				CLANG_WARN_DIRECT_OBJC_ISA_USAGE = YES_ERROR;
				CLANG_WARN_EMPTY_BODY = YES;
				CLANG_WARN_ENUM_CONVERSION = YES;
				CLANG_WARN_INT_CONVERSION = YES;
				CLANG_WARN_OBJC_ROOT_CLASS = YES_ERROR;
				CLANG_WARN_UNREACHABLE_CODE = YES;
				CLANG_WARN__DUPLICATE_METHOD_MATCH = YES;
				"CODE_SIGN_IDENTITY[sdk=iphoneos*]" = "iPhone Developer";
				COPY_PHASE_STRIP = YES;
				ENABLE_NS_ASSERTIONS = NO;
				ENABLE_STRICT_OBJC_MSGSEND = YES;
				GCC_C_LANGUAGE_STANDARD = gnu99;
				GCC_WARN_64_TO_32_BIT_CONVERSION = YES;
				GCC_WARN_ABOUT_RETURN_TYPE = YES_ERROR;
				GCC_WARN_UNDECLARED_SELECTOR = YES;
				GCC_WARN_UNINITIALIZED_AUTOS = YES_AGGRESSIVE;
				GCC_WARN_UNUSED_FUNCTION = YES;
				GCC_WARN_UNUSED_VARIABLE = YES;
				IPHONEOS_DEPLOYMENT_TARGET = 8.0;
				MTL_ENABLE_DEBUG_INFO = NO;
				SDKROOT = iphoneos;
				VALIDATE_PRODUCT = YES;
			};
			name = Release;
		};
		E088752519D7550F0044109A /* Debug */ = {
			isa = XCBuildConfiguration;
			baseConfigurationReference = A0268A0663F20E70495F6A29 /* Pods-Polls4Change.debug.xcconfig */;
			buildSettings = {
				ASSETCATALOG_COMPILER_APPICON_NAME = AppIcon;
				INFOPLIST_FILE = Polls4Change/Info.plist;
				IPHONEOS_DEPLOYMENT_TARGET = 7.1;
				LD_RUNPATH_SEARCH_PATHS = "$(inherited) @executable_path/Frameworks";
				PRODUCT_NAME = "$(TARGET_NAME)";
				TARGETED_DEVICE_FAMILY = 1;
			};
			name = Debug;
		};
		E088752619D7550F0044109A /* Release */ = {
			isa = XCBuildConfiguration;
			baseConfigurationReference = 8BF932C36D37260E1A1AD9F9 /* Pods-Polls4Change.release.xcconfig */;
			buildSettings = {
				ASSETCATALOG_COMPILER_APPICON_NAME = AppIcon;
				INFOPLIST_FILE = Polls4Change/Info.plist;
				IPHONEOS_DEPLOYMENT_TARGET = 7.1;
				LD_RUNPATH_SEARCH_PATHS = "$(inherited) @executable_path/Frameworks";
				PRODUCT_NAME = "$(TARGET_NAME)";
				TARGETED_DEVICE_FAMILY = 1;
			};
			name = Release;
		};
		E088752819D7550F0044109A /* Debug */ = {
			isa = XCBuildConfiguration;
			buildSettings = {
				BUNDLE_LOADER = "$(TEST_HOST)";
				FRAMEWORK_SEARCH_PATHS = (
					"$(SDKROOT)/Developer/Library/Frameworks",
					"$(inherited)",
				);
				GCC_PREPROCESSOR_DEFINITIONS = (
					"DEBUG=1",
					"$(inherited)",
				);
				INFOPLIST_FILE = Polls4ChangeTests/Info.plist;
				LD_RUNPATH_SEARCH_PATHS = "$(inherited) @executable_path/Frameworks @loader_path/Frameworks";
				PRODUCT_NAME = "$(TARGET_NAME)";
				TEST_HOST = "$(BUILT_PRODUCTS_DIR)/Polls4Change.app/Polls4Change";
			};
			name = Debug;
		};
		E088752919D7550F0044109A /* Release */ = {
			isa = XCBuildConfiguration;
			buildSettings = {
				BUNDLE_LOADER = "$(TEST_HOST)";
				FRAMEWORK_SEARCH_PATHS = (
					"$(SDKROOT)/Developer/Library/Frameworks",
					"$(inherited)",
				);
				INFOPLIST_FILE = Polls4ChangeTests/Info.plist;
				LD_RUNPATH_SEARCH_PATHS = "$(inherited) @executable_path/Frameworks @loader_path/Frameworks";
				PRODUCT_NAME = "$(TARGET_NAME)";
				TEST_HOST = "$(BUILT_PRODUCTS_DIR)/Polls4Change.app/Polls4Change";
			};
			name = Release;
		};
/* End XCBuildConfiguration section */

/* Begin XCConfigurationList section */
		E08874FC19D7550E0044109A /* Build configuration list for PBXProject "Polls4Change" */ = {
			isa = XCConfigurationList;
			buildConfigurations = (
				E088752219D7550F0044109A /* Debug */,
				E088752319D7550F0044109A /* Release */,
			);
			defaultConfigurationIsVisible = 0;
			defaultConfigurationName = Release;
		};
		E088752419D7550F0044109A /* Build configuration list for PBXNativeTarget "Polls4Change" */ = {
			isa = XCConfigurationList;
			buildConfigurations = (
				E088752519D7550F0044109A /* Debug */,
				E088752619D7550F0044109A /* Release */,
			);
			defaultConfigurationIsVisible = 0;
			defaultConfigurationName = Release;
		};
		E088752719D7550F0044109A /* Build configuration list for PBXNativeTarget "Polls4ChangeTests" */ = {
			isa = XCConfigurationList;
			buildConfigurations = (
				E088752819D7550F0044109A /* Debug */,
				E088752919D7550F0044109A /* Release */,
			);
			defaultConfigurationIsVisible = 0;
			defaultConfigurationName = Release;
		};
/* End XCConfigurationList section */
	};
	rootObject = E08874F919D7550E0044109A /* Project object */;
}
